
Microsoft Visual Studio Solution File, Format Version 12.00
# Visual Studio 15
VisualStudioVersion = 15.0.26730.16
MinimumVisualStudioVersion = 10.0.40219.1
Project("{FAE04EC0-301F-11D3-BF4B-00C04F79EFBC}") = "Directorio.ENT", "Directorio.ENT\Directorio.ENT.csproj", "{62F560AD-4E80-4FBD-A6D9-EC5EC2C1F3E0}"
EndProject
Project("{FAE04EC0-301F-11D3-BF4B-00C04F79EFBC}") = "Directorio.CAD", "Directorio.CAD\Directorio.CAD.csproj", "{9D82F829-FF18-40EF-8C67-02EFC9B874CC}"
EndProject
Project("{FAE04EC0-301F-11D3-BF4B-00C04F79EFBC}") = "Directorio.CIU.MVC", "Directorio.CIU.MVC\Directorio.CIU.MVC.csproj", "{7E42CF98-021C-4B21-B845-2EC2927653F8}"
EndProject
Global
	GlobalSection(SolutionConfigurationPlatforms) = preSolution
		Debug|Any CPU = Debug|Any CPU
		Release|Any CPU = Release|Any CPU
	EndGlobalSection
	GlobalSection(ProjectConfigurationPlatforms) = postSolution
		{62F560AD-4E80-4FBD-A6D9-EC5EC2C1F3E0}.Debug|Any CPU.ActiveCfg = Debug|Any CPU
		{62F560AD-4E80-4FBD-A6D9-EC5EC2C1F3E0}.Debug|Any CPU.Build.0 = Debug|Any CPU
		{62F560AD-4E80-4FBD-A6D9-EC5EC2C1F3E0}.Release|Any CPU.ActiveCfg = Release|Any CPU
		{62F560AD-4E80-4FBD-A6D9-EC5EC2C1F3E0}.Release|Any CPU.Build.0 = Release|Any CPU
		{9D82F829-FF18-40EF-8C67-02EFC9B874CC}.Debug|Any CPU.ActiveCfg = Debug|Any CPU
		{9D82F829-FF18-40EF-8C67-02EFC9B874CC}.Debug|Any CPU.Build.0 = Debug|Any CPU
		{9D82F829-FF18-40EF-8C67-02EFC9B874CC}.Release|Any CPU.ActiveCfg = Release|Any CPU
		{9D82F829-FF18-40EF-8C67-02EFC9B874CC}.Release|Any CPU.Build.0 = Release|Any CPU
		{7E42CF98-021C-4B21-B845-2EC2927653F8}.Debug|Any CPU.ActiveCfg = Debug|Any CPU
		{7E42CF98-021C-4B21-B845-2EC2927653F8}.Debug|Any CPU.Build.0 = Debug|Any CPU
		{7E42CF98-021C-4B21-B845-2EC2927653F8}.Release|Any CPU.ActiveCfg = Release|Any CPU
		{7E42CF98-021C-4B21-B845-2EC2927653F8}.Release|Any CPU.Build.0 = Release|Any CPU
	EndGlobalSection
	GlobalSection(SolutionProperties) = preSolution
		HideSolutionNode = FALSE
	EndGlobalSection
	GlobalSection(ExtensibilityGlobals) = postSolution
		SolutionGuid = {498013FE-7982-4298-B038-FCBB182601D5}
	EndGlobalSection
EndGlobal
